
Microsoft Visual Studio Solution File, Format Version 12.00
# Visual Studio Version 16
VisualStudioVersion = 16.0.29709.97
MinimumVisualStudioVersion = 10.0.40219.1
Project("{9A19103F-16F7-4668-BE54-9A1E7A4F7556}") = "Z4_PTL", "Z4_PTL\Z4_PTL.csproj", "{B4739EA0-173D-408A-A510-D74DCE96BE44}"
EndProject
Project("{FAE04EC0-301F-11D3-BF4B-00C04F79EFBC}") = "Z4_API", "Z4_API\Z4_API.csproj", "{A0C4ED96-57DE-4365-A88C-043CEEC45A6B}"
EndProject
Global
	GlobalSection(SolutionConfigurationPlatforms) = preSolution
		Debug|Any CPU = Debug|Any CPU
		Release|Any CPU = Release|Any CPU
	EndGlobalSection
	GlobalSection(ProjectConfigurationPlatforms) = postSolution
		{B4739EA0-173D-408A-A510-D74DCE96BE44}.Debug|Any CPU.ActiveCfg = Debug|Any CPU
		{B4739EA0-173D-408A-A510-D74DCE96BE44}.Debug|Any CPU.Build.0 = Debug|Any CPU
		{B4739EA0-173D-408A-A510-D74DCE96BE44}.Release|Any CPU.ActiveCfg = Release|Any CPU
		{B4739EA0-173D-408A-A510-D74DCE96BE44}.Release|Any CPU.Build.0 = Release|Any CPU
		{A0C4ED96-57DE-4365-A88C-043CEEC45A6B}.Debug|Any CPU.ActiveCfg = Debug|Any CPU
		{A0C4ED96-57DE-4365-A88C-043CEEC45A6B}.Debug|Any CPU.Build.0 = Debug|Any CPU
		{A0C4ED96-57DE-4365-A88C-043CEEC45A6B}.Release|Any CPU.ActiveCfg = Release|Any CPU
		{A0C4ED96-57DE-4365-A88C-043CEEC45A6B}.Release|Any CPU.Build.0 = Release|Any CPU
	EndGlobalSection
	GlobalSection(SolutionProperties) = preSolution
		HideSolutionNode = FALSE
	EndGlobalSection
	GlobalSection(ExtensibilityGlobals) = postSolution
		SolutionGuid = {72982E4E-5DC5-49EC-B8EC-1BEBCF7CAEFA}
	EndGlobalSection
EndGlobal
